// !$*UTF8*$!
{
	archiveVersion = 1;
	classes = {
	};
	objectVersion = 56;
	objects = {

/* Begin PBXBuildFile section */
		903286662C70C2BC002D5799 /* CustomPicker.swift in Sources */ = {isa = PBXBuildFile; fileRef = 903286652C70C2BC002D5799 /* CustomPicker.swift */; };
		903286692C70D4AD002D5799 /* GraphFunction.swift in Sources */ = {isa = PBXBuildFile; fileRef = 903286682C70D4AD002D5799 /* GraphFunction.swift */; };
		9032866B2C70D4C5002D5799 /* GraphInterval.swift in Sources */ = {isa = PBXBuildFile; fileRef = 9032866A2C70D4C5002D5799 /* GraphInterval.swift */; };
		9032866D2C70D4E0002D5799 /* FinnhubEndpoint.swift in Sources */ = {isa = PBXBuildFile; fileRef = 9032866C2C70D4E0002D5799 /* FinnhubEndpoint.swift */; };
		9032866F2C70D4F4002D5799 /* AlphaVantageEndpoint.swift in Sources */ = {isa = PBXBuildFile; fileRef = 9032866E2C70D4F4002D5799 /* AlphaVantageEndpoint.swift */; };
		908E25FD2C6F567A0010968C /* SearchBar.swift in Sources */ = {isa = PBXBuildFile; fileRef = 908E25FC2C6F567A0010968C /* SearchBar.swift */; };
		908E26002C6F57E30010968C /* KeyChainManager.swift in Sources */ = {isa = PBXBuildFile; fileRef = 908E25FF2C6F57E30010968C /* KeyChainManager.swift */; };
		908E26032C6F614A0010968C /* HTTPClient.swift in Sources */ = {isa = PBXBuildFile; fileRef = 908E26022C6F614A0010968C /* HTTPClient.swift */; };
		908E26052C6F66A20010968C /* APIEndpoint.swift in Sources */ = {isa = PBXBuildFile; fileRef = 908E26042C6F66A20010968C /* APIEndpoint.swift */; };
		908E26072C6F6B460010968C /* StockRowView.swift in Sources */ = {isa = PBXBuildFile; fileRef = 908E26062C6F6B460010968C /* StockRowView.swift */; };
		908E26092C6F6D080010968C /* StockRowViewModel.swift in Sources */ = {isa = PBXBuildFile; fileRef = 908E26082C6F6D080010968C /* StockRowViewModel.swift */; };
		90A0499B2C6FBC0B0015535B /* ImageCache.swift in Sources */ = {isa = PBXBuildFile; fileRef = 90A0499A2C6FBC0B0015535B /* ImageCache.swift */; };
		90A0499D2C6FBC4A0015535B /* AsyncImageLoader.swift in Sources */ = {isa = PBXBuildFile; fileRef = 90A0499C2C6FBC4A0015535B /* AsyncImageLoader.swift */; };
		90A0499F2C6FBC620015535B /* CachedAsyncImage.swift in Sources */ = {isa = PBXBuildFile; fileRef = 90A0499E2C6FBC620015535B /* CachedAsyncImage.swift */; };
		90A049A12C6FC2400015535B /* EndEditingModifier.swift in Sources */ = {isa = PBXBuildFile; fileRef = 90A049A02C6FC2400015535B /* EndEditingModifier.swift */; };
		90A049A32C708B600015535B /* AlphaGraphData.swift in Sources */ = {isa = PBXBuildFile; fileRef = 90A049A22C708B600015535B /* AlphaGraphData.swift */; };
		90A049A52C708C170015535B /* StockDataPoint.swift in Sources */ = {isa = PBXBuildFile; fileRef = 90A049A42C708C170015535B /* StockDataPoint.swift */; };
		90A049A72C708C430015535B /* StockChartView.swift in Sources */ = {isa = PBXBuildFile; fileRef = 90A049A62C708C430015535B /* StockChartView.swift */; };
		90A049A92C708C8A0015535B /* StockChartViewModel.swift in Sources */ = {isa = PBXBuildFile; fileRef = 90A049A82C708C8A0015535B /* StockChartViewModel.swift */; };
		90A049AD2C70A2700015535B /* AlphaVantageAPIProvider.swift in Sources */ = {isa = PBXBuildFile; fileRef = 90A049AC2C70A2700015535B /* AlphaVantageAPIProvider.swift */; };
		90A049AF2C70B5FA0015535B /* StockDetailsView.swift in Sources */ = {isa = PBXBuildFile; fileRef = 90A049AE2C70B5FA0015535B /* StockDetailsView.swift */; };
		90C0D1EF2C6F7E2A00645E8A /* CustomImageView.swift in Sources */ = {isa = PBXBuildFile; fileRef = 90C0D1EE2C6F7E2A00645E8A /* CustomImageView.swift */; };
		90C0D1F12C6F7F3300645E8A /* StockQuoteView.swift in Sources */ = {isa = PBXBuildFile; fileRef = 90C0D1F02C6F7F3300645E8A /* StockQuoteView.swift */; };
		90C0D1F32C6F7F8900645E8A /* CompanyDetailsView.swift in Sources */ = {isa = PBXBuildFile; fileRef = 90C0D1F22C6F7F8900645E8A /* CompanyDetailsView.swift */; };
		90E190F22C6F3329003B72F8 /* FinHubApp.swift in Sources */ = {isa = PBXBuildFile; fileRef = 90E190F12C6F3329003B72F8 /* FinHubApp.swift */; };
		90E190F42C6F3329003B72F8 /* ContentView.swift in Sources */ = {isa = PBXBuildFile; fileRef = 90E190F32C6F3329003B72F8 /* ContentView.swift */; };
		90E190F62C6F3329003B72F8 /* Assets.xcassets in Resources */ = {isa = PBXBuildFile; fileRef = 90E190F52C6F3329003B72F8 /* Assets.xcassets */; };
		90E190F92C6F3329003B72F8 /* Preview Assets.xcassets in Resources */ = {isa = PBXBuildFile; fileRef = 90E190F82C6F3329003B72F8 /* Preview Assets.xcassets */; };
		90E191002C6F336D003B72F8 /* FinHubWebSocket.swift in Sources */ = {isa = PBXBuildFile; fileRef = 90E190FF2C6F336D003B72F8 /* FinHubWebSocket.swift */; };
		90E1910B2C6F5311003B72F8 /* StockSymbol.swift in Sources */ = {isa = PBXBuildFile; fileRef = 90E1910A2C6F5311003B72F8 /* StockSymbol.swift */; };
		90E1910D2C6F5325003B72F8 /* FinHubAPIProvider.swift in Sources */ = {isa = PBXBuildFile; fileRef = 90E1910C2C6F5325003B72F8 /* FinHubAPIProvider.swift */; };
		90E191102C6F53CD003B72F8 /* ContentViewModel.swift in Sources */ = {isa = PBXBuildFile; fileRef = 90E1910F2C6F53CD003B72F8 /* ContentViewModel.swift */; };
/* End PBXBuildFile section */

/* Begin PBXFileReference section */
		903286652C70C2BC002D5799 /* CustomPicker.swift */ = {isa = PBXFileReference; lastKnownFileType = sourcecode.swift; path = CustomPicker.swift; sourceTree = "<group>"; };
		903286682C70D4AD002D5799 /* GraphFunction.swift */ = {isa = PBXFileReference; lastKnownFileType = sourcecode.swift; path = GraphFunction.swift; sourceTree = "<group>"; };
		9032866A2C70D4C5002D5799 /* GraphInterval.swift */ = {isa = PBXFileReference; lastKnownFileType = sourcecode.swift; path = GraphInterval.swift; sourceTree = "<group>"; };
		9032866C2C70D4E0002D5799 /* FinnhubEndpoint.swift */ = {isa = PBXFileReference; lastKnownFileType = sourcecode.swift; path = FinnhubEndpoint.swift; sourceTree = "<group>"; };
		9032866E2C70D4F4002D5799 /* AlphaVantageEndpoint.swift */ = {isa = PBXFileReference; lastKnownFileType = sourcecode.swift; path = AlphaVantageEndpoint.swift; sourceTree = "<group>"; };
		908E25FC2C6F567A0010968C /* SearchBar.swift */ = {isa = PBXFileReference; lastKnownFileType = sourcecode.swift; path = SearchBar.swift; sourceTree = "<group>"; };
		908E25FF2C6F57E30010968C /* KeyChainManager.swift */ = {isa = PBXFileReference; lastKnownFileType = sourcecode.swift; path = KeyChainManager.swift; sourceTree = "<group>"; };
		908E26022C6F614A0010968C /* HTTPClient.swift */ = {isa = PBXFileReference; lastKnownFileType = sourcecode.swift; path = HTTPClient.swift; sourceTree = "<group>"; };
		908E26042C6F66A20010968C /* APIEndpoint.swift */ = {isa = PBXFileReference; lastKnownFileType = sourcecode.swift; path = APIEndpoint.swift; sourceTree = "<group>"; };
		908E26062C6F6B460010968C /* StockRowView.swift */ = {isa = PBXFileReference; lastKnownFileType = sourcecode.swift; path = StockRowView.swift; sourceTree = "<group>"; };
		908E26082C6F6D080010968C /* StockRowViewModel.swift */ = {isa = PBXFileReference; lastKnownFileType = sourcecode.swift; path = StockRowViewModel.swift; sourceTree = "<group>"; };
		90A0499A2C6FBC0B0015535B /* ImageCache.swift */ = {isa = PBXFileReference; lastKnownFileType = sourcecode.swift; path = ImageCache.swift; sourceTree = "<group>"; };
		90A0499C2C6FBC4A0015535B /* AsyncImageLoader.swift */ = {isa = PBXFileReference; lastKnownFileType = sourcecode.swift; path = AsyncImageLoader.swift; sourceTree = "<group>"; };
		90A0499E2C6FBC620015535B /* CachedAsyncImage.swift */ = {isa = PBXFileReference; lastKnownFileType = sourcecode.swift; path = CachedAsyncImage.swift; sourceTree = "<group>"; };
		90A049A02C6FC2400015535B /* EndEditingModifier.swift */ = {isa = PBXFileReference; lastKnownFileType = sourcecode.swift; path = EndEditingModifier.swift; sourceTree = "<group>"; };
		90A049A22C708B600015535B /* AlphaGraphData.swift */ = {isa = PBXFileReference; lastKnownFileType = sourcecode.swift; path = AlphaGraphData.swift; sourceTree = "<group>"; };
		90A049A42C708C170015535B /* StockDataPoint.swift */ = {isa = PBXFileReference; lastKnownFileType = sourcecode.swift; path = StockDataPoint.swift; sourceTree = "<group>"; };
		90A049A62C708C430015535B /* StockChartView.swift */ = {isa = PBXFileReference; lastKnownFileType = sourcecode.swift; path = StockChartView.swift; sourceTree = "<group>"; };
		90A049A82C708C8A0015535B /* StockChartViewModel.swift */ = {isa = PBXFileReference; lastKnownFileType = sourcecode.swift; path = StockChartViewModel.swift; sourceTree = "<group>"; };
		90A049AC2C70A2700015535B /* AlphaVantageAPIProvider.swift */ = {isa = PBXFileReference; lastKnownFileType = sourcecode.swift; path = AlphaVantageAPIProvider.swift; sourceTree = "<group>"; };
		90A049AE2C70B5FA0015535B /* StockDetailsView.swift */ = {isa = PBXFileReference; lastKnownFileType = sourcecode.swift; path = StockDetailsView.swift; sourceTree = "<group>"; };
		90C0D1EE2C6F7E2A00645E8A /* CustomImageView.swift */ = {isa = PBXFileReference; lastKnownFileType = sourcecode.swift; path = CustomImageView.swift; sourceTree = "<group>"; };
		90C0D1F02C6F7F3300645E8A /* StockQuoteView.swift */ = {isa = PBXFileReference; lastKnownFileType = sourcecode.swift; path = StockQuoteView.swift; sourceTree = "<group>"; };
		90C0D1F22C6F7F8900645E8A /* CompanyDetailsView.swift */ = {isa = PBXFileReference; lastKnownFileType = sourcecode.swift; path = CompanyDetailsView.swift; sourceTree = "<group>"; };
		90E190EE2C6F3329003B72F8 /* FinHub.app */ = {isa = PBXFileReference; explicitFileType = wrapper.application; includeInIndex = 0; path = FinHub.app; sourceTree = BUILT_PRODUCTS_DIR; };
		90E190F12C6F3329003B72F8 /* FinHubApp.swift */ = {isa = PBXFileReference; lastKnownFileType = sourcecode.swift; path = FinHubApp.swift; sourceTree = "<group>"; };
		90E190F32C6F3329003B72F8 /* ContentView.swift */ = {isa = PBXFileReference; lastKnownFileType = sourcecode.swift; path = ContentView.swift; sourceTree = "<group>"; };
		90E190F52C6F3329003B72F8 /* Assets.xcassets */ = {isa = PBXFileReference; lastKnownFileType = folder.assetcatalog; path = Assets.xcassets; sourceTree = "<group>"; };
		90E190F82C6F3329003B72F8 /* Preview Assets.xcassets */ = {isa = PBXFileReference; lastKnownFileType = folder.assetcatalog; path = "Preview Assets.xcassets"; sourceTree = "<group>"; };
		90E190FF2C6F336D003B72F8 /* FinHubWebSocket.swift */ = {isa = PBXFileReference; lastKnownFileType = sourcecode.swift; path = FinHubWebSocket.swift; sourceTree = "<group>"; };
		90E1910A2C6F5311003B72F8 /* StockSymbol.swift */ = {isa = PBXFileReference; lastKnownFileType = sourcecode.swift; path = StockSymbol.swift; sourceTree = "<group>"; };
		90E1910C2C6F5325003B72F8 /* FinHubAPIProvider.swift */ = {isa = PBXFileReference; lastKnownFileType = sourcecode.swift; path = FinHubAPIProvider.swift; sourceTree = "<group>"; };
		90E1910F2C6F53CD003B72F8 /* ContentViewModel.swift */ = {isa = PBXFileReference; lastKnownFileType = sourcecode.swift; path = ContentViewModel.swift; sourceTree = "<group>"; };
/* End PBXFileReference section */

/* Begin PBXFrameworksBuildPhase section */
		90E190EB2C6F3329003B72F8 /* Frameworks */ = {
			isa = PBXFrameworksBuildPhase;
			buildActionMask = 2147483647;
			files = (
			);
			runOnlyForDeploymentPostprocessing = 0;
		};
/* End PBXFrameworksBuildPhase section */

/* Begin PBXGroup section */
		903286642C70BF21002D5799 /* Components */ = {
			isa = PBXGroup;
			children = (
				908E25FC2C6F567A0010968C /* SearchBar.swift */,
				90A0499E2C6FBC620015535B /* CachedAsyncImage.swift */,
				90A049A02C6FC2400015535B /* EndEditingModifier.swift */,
				903286652C70C2BC002D5799 /* CustomPicker.swift */,
			);
			path = Components;
			sourceTree = "<group>";
		};
		903286672C70D4A4002D5799 /* Helpers */ = {
			isa = PBXGroup;
			children = (
				903286682C70D4AD002D5799 /* GraphFunction.swift */,
				9032866A2C70D4C5002D5799 /* GraphInterval.swift */,
				9032866C2C70D4E0002D5799 /* FinnhubEndpoint.swift */,
				9032866E2C70D4F4002D5799 /* AlphaVantageEndpoint.swift */,
			);
			path = Helpers;
			sourceTree = "<group>";
		};
		908E25FE2C6F57D00010968C /* Utils */ = {
			isa = PBXGroup;
			children = (
				908E25FF2C6F57E30010968C /* KeyChainManager.swift */,
				90A0499A2C6FBC0B0015535B /* ImageCache.swift */,
				90A0499C2C6FBC4A0015535B /* AsyncImageLoader.swift */,
			);
			path = Utils;
			sourceTree = "<group>";
		};
		908E26012C6F613E0010968C /* HTTPClient */ = {
			isa = PBXGroup;
			children = (
				908E26022C6F614A0010968C /* HTTPClient.swift */,
				908E26042C6F66A20010968C /* APIEndpoint.swift */,
			);
			path = HTTPClient;
			sourceTree = "<group>";
		};
		90A049AA2C709EFF0015535B /* Services */ = {
			isa = PBXGroup;
			children = (
				90E1910C2C6F5325003B72F8 /* FinHubAPIProvider.swift */,
				90A049AC2C70A2700015535B /* AlphaVantageAPIProvider.swift */,
				90E190FF2C6F336D003B72F8 /* FinHubWebSocket.swift */,
			);
			path = Services;
			sourceTree = "<group>";
		};
		90E190E52C6F3328003B72F8 = {
			isa = PBXGroup;
			children = (
				90E190F02C6F3329003B72F8 /* FinHub */,
				90E190EF2C6F3329003B72F8 /* Products */,
			);
			sourceTree = "<group>";
		};
		90E190EF2C6F3329003B72F8 /* Products */ = {
			isa = PBXGroup;
			children = (
				90E190EE2C6F3329003B72F8 /* FinHub.app */,
			);
			name = Products;
			sourceTree = "<group>";
		};
		90E190F02C6F3329003B72F8 /* FinHub */ = {
			isa = PBXGroup;
			children = (
				90E191052C6F50C5003B72F8 /* DataSource */,
				90E191092C6F52E6003B72F8 /* Models */,
				90A049AA2C709EFF0015535B /* Services */,
				90E1910E2C6F53C5003B72F8 /* ViewModels */,
				90E191032C6F50AC003B72F8 /* app */,
				908E25FE2C6F57D00010968C /* Utils */,
				903286642C70BF21002D5799 /* Components */,
				90E191042C6F50AF003B72F8 /* views */,
				90E190F52C6F3329003B72F8 /* Assets.xcassets */,
				90E190F72C6F3329003B72F8 /* Preview Content */,
			);
			path = FinHub;
			sourceTree = "<group>";
		};
		90E190F72C6F3329003B72F8 /* Preview Content */ = {
			isa = PBXGroup;
			children = (
				90E190F82C6F3329003B72F8 /* Preview Assets.xcassets */,
			);
			path = "Preview Content";
			sourceTree = "<group>";
		};
		90E191032C6F50AC003B72F8 /* app */ = {
			isa = PBXGroup;
			children = (
				90E190F12C6F3329003B72F8 /* FinHubApp.swift */,
			);
			path = app;
			sourceTree = "<group>";
		};
		90E191042C6F50AF003B72F8 /* views */ = {
			isa = PBXGroup;
			children = (
				90E190F32C6F3329003B72F8 /* ContentView.swift */,
				908E26062C6F6B460010968C /* StockRowView.swift */,
				90C0D1EE2C6F7E2A00645E8A /* CustomImageView.swift */,
				90C0D1F02C6F7F3300645E8A /* StockQuoteView.swift */,
				90C0D1F22C6F7F8900645E8A /* CompanyDetailsView.swift */,
				90A049A62C708C430015535B /* StockChartView.swift */,
				90A049AE2C70B5FA0015535B /* StockDetailsView.swift */,
			);
			path = views;
			sourceTree = "<group>";
		};
		90E191052C6F50C5003B72F8 /* DataSource */ = {
			isa = PBXGroup;
			children = (
				903286672C70D4A4002D5799 /* Helpers */,
				908E26012C6F613E0010968C /* HTTPClient */,
			);
			path = DataSource;
			sourceTree = "<group>";
		};
		90E191092C6F52E6003B72F8 /* Models */ = {
			isa = PBXGroup;
			children = (
				90E1910A2C6F5311003B72F8 /* StockSymbol.swift */,
				90A049A22C708B600015535B /* AlphaGraphData.swift */,
				90A049A42C708C170015535B /* StockDataPoint.swift */,
			);
			path = Models;
			sourceTree = "<group>";
		};
		90E1910E2C6F53C5003B72F8 /* ViewModels */ = {
			isa = PBXGroup;
			children = (
				90A049A82C708C8A0015535B /* StockChartViewModel.swift */,
				90E1910F2C6F53CD003B72F8 /* ContentViewModel.swift */,
				908E26082C6F6D080010968C /* StockRowViewModel.swift */,
			);
			path = ViewModels;
			sourceTree = "<group>";
		};
/* End PBXGroup section */

/* Begin PBXNativeTarget section */
		90E190ED2C6F3329003B72F8 /* FinHub */ = {
			isa = PBXNativeTarget;
			buildConfigurationList = 90E190FC2C6F3329003B72F8 /* Build configuration list for PBXNativeTarget "FinHub" */;
			buildPhases = (
				90E190EA2C6F3329003B72F8 /* Sources */,
				90E190EB2C6F3329003B72F8 /* Frameworks */,
				90E190EC2C6F3329003B72F8 /* Resources */,
			);
			buildRules = (
			);
			dependencies = (
			);
			name = FinHub;
			productName = FinHub;
			productReference = 90E190EE2C6F3329003B72F8 /* FinHub.app */;
			productType = "com.apple.product-type.application";
		};
/* End PBXNativeTarget section */

/* Begin PBXProject section */
		90E190E62C6F3328003B72F8 /* Project object */ = {
			isa = PBXProject;
			attributes = {
				BuildIndependentTargetsInParallel = 1;
				LastSwiftUpdateCheck = 1540;
				LastUpgradeCheck = 1540;
				TargetAttributes = {
					90E190ED2C6F3329003B72F8 = {
						CreatedOnToolsVersion = 15.4;
					};
				};
			};
			buildConfigurationList = 90E190E92C6F3328003B72F8 /* Build configuration list for PBXProject "FinHub" */;
			compatibilityVersion = "Xcode 14.0";
			developmentRegion = en;
			hasScannedForEncodings = 0;
			knownRegions = (
				en,
				Base,
			);
			mainGroup = 90E190E52C6F3328003B72F8;
			productRefGroup = 90E190EF2C6F3329003B72F8 /* Products */;
			projectDirPath = "";
			projectRoot = "";
			targets = (
				90E190ED2C6F3329003B72F8 /* FinHub */,
			);
		};
/* End PBXProject section */

/* Begin PBXResourcesBuildPhase section */
		90E190EC2C6F3329003B72F8 /* Resources */ = {
			isa = PBXResourcesBuildPhase;
			buildActionMask = 2147483647;
			files = (
				90E190F92C6F3329003B72F8 /* Preview Assets.xcassets in Resources */,
				90E190F62C6F3329003B72F8 /* Assets.xcassets in Resources */,
			);
			runOnlyForDeploymentPostprocessing = 0;
		};
/* End PBXResourcesBuildPhase section */

/* Begin PBXSourcesBuildPhase section */
		90E190EA2C6F3329003B72F8 /* Sources */ = {
			isa = PBXSourcesBuildPhase;
			buildActionMask = 2147483647;
			files = (
				90E191102C6F53CD003B72F8 /* ContentViewModel.swift in Sources */,
				9032866D2C70D4E0002D5799 /* FinnhubEndpoint.swift in Sources */,
				90A049A32C708B600015535B /* AlphaGraphData.swift in Sources */,
				908E26002C6F57E30010968C /* KeyChainManager.swift in Sources */,
				90E190F42C6F3329003B72F8 /* ContentView.swift in Sources */,
				90E1910B2C6F5311003B72F8 /* StockSymbol.swift in Sources */,
				90E190F22C6F3329003B72F8 /* FinHubApp.swift in Sources */,
				90C0D1F32C6F7F8900645E8A /* CompanyDetailsView.swift in Sources */,
				908E26092C6F6D080010968C /* StockRowViewModel.swift in Sources */,
				908E26032C6F614A0010968C /* HTTPClient.swift in Sources */,
				9032866F2C70D4F4002D5799 /* AlphaVantageEndpoint.swift in Sources */,
				90C0D1EF2C6F7E2A00645E8A /* CustomImageView.swift in Sources */,
				90A049A12C6FC2400015535B /* EndEditingModifier.swift in Sources */,
				908E26052C6F66A20010968C /* APIEndpoint.swift in Sources */,
				908E25FD2C6F567A0010968C /* SearchBar.swift in Sources */,
				90A0499B2C6FBC0B0015535B /* ImageCache.swift in Sources */,
				90A0499D2C6FBC4A0015535B /* AsyncImageLoader.swift in Sources */,
				90A049AF2C70B5FA0015535B /* StockDetailsView.swift in Sources */,
				90A049A72C708C430015535B /* StockChartView.swift in Sources */,
				90C0D1F12C6F7F3300645E8A /* StockQuoteView.swift in Sources */,
				903286662C70C2BC002D5799 /* CustomPicker.swift in Sources */,
				90E191002C6F336D003B72F8 /* FinHubWebSocket.swift in Sources */,
				90A049AD2C70A2700015535B /* AlphaVantageAPIProvider.swift in Sources */,
				90A049A92C708C8A0015535B /* StockChartViewModel.swift in Sources */,
				90E1910D2C6F5325003B72F8 /* FinHubAPIProvider.swift in Sources */,
				903286692C70D4AD002D5799 /* GraphFunction.swift in Sources */,
				90A049A52C708C170015535B /* StockDataPoint.swift in Sources */,
				9032866B2C70D4C5002D5799 /* GraphInterval.swift in Sources */,
				90A0499F2C6FBC620015535B /* CachedAsyncImage.swift in Sources */,
				908E26072C6F6B460010968C /* StockRowView.swift in Sources */,
			);
			runOnlyForDeploymentPostprocessing = 0;
		};
/* End PBXSourcesBuildPhase section */

/* Begin XCBuildConfiguration section */
		90E190FA2C6F3329003B72F8 /* Debug */ = {
			isa = XCBuildConfiguration;
			buildSettings = {
				ALWAYS_SEARCH_USER_PATHS = NO;
				ASSETCATALOG_COMPILER_GENERATE_SWIFT_ASSET_SYMBOL_EXTENSIONS = YES;
				CLANG_ANALYZER_NONNULL = YES;
				CLANG_ANALYZER_NUMBER_OBJECT_CONVERSION = YES_AGGRESSIVE;
				CLANG_CXX_LANGUAGE_STANDARD = "gnu++20";
				CLANG_ENABLE_MODULES = YES;
				CLANG_ENABLE_OBJC_ARC = YES;
				CLANG_ENABLE_OBJC_WEAK = YES;
				CLANG_WARN_BLOCK_CAPTURE_AUTORELEASING = YES;
				CLANG_WARN_BOOL_CONVERSION = YES;
				CLANG_WARN_COMMA = YES;
				CLANG_WARN_CONSTANT_CONVERSION = YES;
				CLANG_WARN_DEPRECATED_OBJC_IMPLEMENTATIONS = YES;
				CLANG_WARN_DIRECT_OBJC_ISA_USAGE = YES_ERROR;
				CLANG_WARN_DOCUMENTATION_COMMENTS = YES;
				CLANG_WARN_EMPTY_BODY = YES;
				CLANG_WARN_ENUM_CONVERSION = YES;
				CLANG_WARN_INFINITE_RECURSION = YES;
				CLANG_WARN_INT_CONVERSION = YES;
				CLANG_WARN_NON_LITERAL_NULL_CONVERSION = YES;
				CLANG_WARN_OBJC_IMPLICIT_RETAIN_SELF = YES;
				CLANG_WARN_OBJC_LITERAL_CONVERSION = YES;
				CLANG_WARN_OBJC_ROOT_CLASS = YES_ERROR;
				CLANG_WARN_QUOTED_INCLUDE_IN_FRAMEWORK_HEADER = YES;
				CLANG_WARN_RANGE_LOOP_ANALYSIS = YES;
				CLANG_WARN_STRICT_PROTOTYPES = YES;
				CLANG_WARN_SUSPICIOUS_MOVE = YES;
				CLANG_WARN_UNGUARDED_AVAILABILITY = YES_AGGRESSIVE;
				CLANG_WARN_UNREACHABLE_CODE = YES;
				CLANG_WARN__DUPLICATE_METHOD_MATCH = YES;
				COPY_PHASE_STRIP = NO;
				DEBUG_INFORMATION_FORMAT = dwarf;
				ENABLE_STRICT_OBJC_MSGSEND = YES;
				ENABLE_TESTABILITY = YES;
				ENABLE_USER_SCRIPT_SANDBOXING = YES;
				GCC_C_LANGUAGE_STANDARD = gnu17;
				GCC_DYNAMIC_NO_PIC = NO;
				GCC_NO_COMMON_BLOCKS = YES;
				GCC_OPTIMIZATION_LEVEL = 0;
				GCC_PREPROCESSOR_DEFINITIONS = (
					"DEBUG=1",
					"$(inherited)",
				);
				GCC_WARN_64_TO_32_BIT_CONVERSION = YES;
				GCC_WARN_ABOUT_RETURN_TYPE = YES_ERROR;
				GCC_WARN_UNDECLARED_SELECTOR = YES;
				GCC_WARN_UNINITIALIZED_AUTOS = YES_AGGRESSIVE;
				GCC_WARN_UNUSED_FUNCTION = YES;
				GCC_WARN_UNUSED_VARIABLE = YES;
				IPHONEOS_DEPLOYMENT_TARGET = 17.5;
				LOCALIZATION_PREFERS_STRING_CATALOGS = YES;
				MTL_ENABLE_DEBUG_INFO = INCLUDE_SOURCE;
				MTL_FAST_MATH = YES;
				ONLY_ACTIVE_ARCH = YES;
				SDKROOT = iphoneos;
				SWIFT_ACTIVE_COMPILATION_CONDITIONS = "DEBUG $(inherited)";
				SWIFT_OPTIMIZATION_LEVEL = "-Onone";
			};
			name = Debug;
		};
		90E190FB2C6F3329003B72F8 /* Release */ = {
			isa = XCBuildConfiguration;
			buildSettings = {
				ALWAYS_SEARCH_USER_PATHS = NO;
				ASSETCATALOG_COMPILER_GENERATE_SWIFT_ASSET_SYMBOL_EXTENSIONS = YES;
				CLANG_ANALYZER_NONNULL = YES;
				CLANG_ANALYZER_NUMBER_OBJECT_CONVERSION = YES_AGGRESSIVE;
				CLANG_CXX_LANGUAGE_STANDARD = "gnu++20";
				CLANG_ENABLE_MODULES = YES;
				CLANG_ENABLE_OBJC_ARC = YES;
				CLANG_ENABLE_OBJC_WEAK = YES;
				CLANG_WARN_BLOCK_CAPTURE_AUTORELEASING = YES;
				CLANG_WARN_BOOL_CONVERSION = YES;
				CLANG_WARN_COMMA = YES;
				CLANG_WARN_CONSTANT_CONVERSION = YES;
				CLANG_WARN_DEPRECATED_OBJC_IMPLEMENTATIONS = YES;
				CLANG_WARN_DIRECT_OBJC_ISA_USAGE = YES_ERROR;
				CLANG_WARN_DOCUMENTATION_COMMENTS = YES;
				CLANG_WARN_EMPTY_BODY = YES;
				CLANG_WARN_ENUM_CONVERSION = YES;
				CLANG_WARN_INFINITE_RECURSION = YES;
				CLANG_WARN_INT_CONVERSION = YES;
				CLANG_WARN_NON_LITERAL_NULL_CONVERSION = YES;
				CLANG_WARN_OBJC_IMPLICIT_RETAIN_SELF = YES;
				CLANG_WARN_OBJC_LITERAL_CONVERSION = YES;
				CLANG_WARN_OBJC_ROOT_CLASS = YES_ERROR;
				CLANG_WARN_QUOTED_INCLUDE_IN_FRAMEWORK_HEADER = YES;
				CLANG_WARN_RANGE_LOOP_ANALYSIS = YES;
				CLANG_WARN_STRICT_PROTOTYPES = YES;
				CLANG_WARN_SUSPICIOUS_MOVE = YES;
				CLANG_WARN_UNGUARDED_AVAILABILITY = YES_AGGRESSIVE;
				CLANG_WARN_UNREACHABLE_CODE = YES;
				CLANG_WARN__DUPLICATE_METHOD_MATCH = YES;
				COPY_PHASE_STRIP = NO;
				DEBUG_INFORMATION_FORMAT = "dwarf-with-dsym";
				ENABLE_NS_ASSERTIONS = NO;
				ENABLE_STRICT_OBJC_MSGSEND = YES;
				ENABLE_USER_SCRIPT_SANDBOXING = YES;
				GCC_C_LANGUAGE_STANDARD = gnu17;
				GCC_NO_COMMON_BLOCKS = YES;
				GCC_WARN_64_TO_32_BIT_CONVERSION = YES;
				GCC_WARN_ABOUT_RETURN_TYPE = YES_ERROR;
				GCC_WARN_UNDECLARED_SELECTOR = YES;
				GCC_WARN_UNINITIALIZED_AUTOS = YES_AGGRESSIVE;
				GCC_WARN_UNUSED_FUNCTION = YES;
				GCC_WARN_UNUSED_VARIABLE = YES;
				IPHONEOS_DEPLOYMENT_TARGET = 17.5;
				LOCALIZATION_PREFERS_STRING_CATALOGS = YES;
				MTL_ENABLE_DEBUG_INFO = NO;
				MTL_FAST_MATH = YES;
				SDKROOT = iphoneos;
				SWIFT_COMPILATION_MODE = wholemodule;
				VALIDATE_PRODUCT = YES;
			};
			name = Release;
		};
		90E190FD2C6F3329003B72F8 /* Debug */ = {
			isa = XCBuildConfiguration;
			buildSettings = {
				ASSETCATALOG_COMPILER_APPICON_NAME = AppIcon;
				ASSETCATALOG_COMPILER_GLOBAL_ACCENT_COLOR_NAME = AccentColor;
				CODE_SIGN_STYLE = Automatic;
				CURRENT_PROJECT_VERSION = 1;
				DEVELOPMENT_ASSET_PATHS = "\"FinHub/Preview Content\"";
				DEVELOPMENT_TEAM = 6LNKX6QY2U;
				ENABLE_PREVIEWS = YES;
				GENERATE_INFOPLIST_FILE = YES;
				INFOPLIST_KEY_UIApplicationSceneManifest_Generation = YES;
				INFOPLIST_KEY_UIApplicationSupportsIndirectInputEvents = YES;
				INFOPLIST_KEY_UILaunchScreen_Generation = YES;
				INFOPLIST_KEY_UISupportedInterfaceOrientations_iPad = "UIInterfaceOrientationPortrait UIInterfaceOrientationPortraitUpsideDown UIInterfaceOrientationLandscapeLeft UIInterfaceOrientationLandscapeRight";
				INFOPLIST_KEY_UISupportedInterfaceOrientations_iPhone = "UIInterfaceOrientationPortrait UIInterfaceOrientationLandscapeLeft UIInterfaceOrientationLandscapeRight";
				LD_RUNPATH_SEARCH_PATHS = (
					"$(inherited)",
					"@executable_path/Frameworks",
				);
				MARKETING_VERSION = 1.0;
				PRODUCT_BUNDLE_IDENTIFIER = com.pr.FinHub;
				PRODUCT_NAME = "$(TARGET_NAME)";
				SWIFT_EMIT_LOC_STRINGS = YES;
				SWIFT_VERSION = 5.0;
				TARGETED_DEVICE_FAMILY = "1,2";
			};
			name = Debug;
		};
		90E190FE2C6F3329003B72F8 /* Release */ = {
			isa = XCBuildConfiguration;
			buildSettings = {
				ASSETCATALOG_COMPILER_APPICON_NAME = AppIcon;
				ASSETCATALOG_COMPILER_GLOBAL_ACCENT_COLOR_NAME = AccentColor;
				CODE_SIGN_STYLE = Automatic;
				CURRENT_PROJECT_VERSION = 1;
				DEVELOPMENT_ASSET_PATHS = "\"FinHub/Preview Content\"";
				DEVELOPMENT_TEAM = 6LNKX6QY2U;
				ENABLE_PREVIEWS = YES;
				GENERATE_INFOPLIST_FILE = YES;
				INFOPLIST_KEY_UIApplicationSceneManifest_Generation = YES;
				INFOPLIST_KEY_UIApplicationSupportsIndirectInputEvents = YES;
				INFOPLIST_KEY_UILaunchScreen_Generation = YES;
				INFOPLIST_KEY_UISupportedInterfaceOrientations_iPad = "UIInterfaceOrientationPortrait UIInterfaceOrientationPortraitUpsideDown UIInterfaceOrientationLandscapeLeft UIInterfaceOrientationLandscapeRight";
				INFOPLIST_KEY_UISupportedInterfaceOrientations_iPhone = "UIInterfaceOrientationPortrait UIInterfaceOrientationLandscapeLeft UIInterfaceOrientationLandscapeRight";
				LD_RUNPATH_SEARCH_PATHS = (
					"$(inherited)",
					"@executable_path/Frameworks",
				);
				MARKETING_VERSION = 1.0;
				PRODUCT_BUNDLE_IDENTIFIER = com.pr.FinHub;
				PRODUCT_NAME = "$(TARGET_NAME)";
				SWIFT_EMIT_LOC_STRINGS = YES;
				SWIFT_VERSION = 5.0;
				TARGETED_DEVICE_FAMILY = "1,2";
			};
			name = Release;
		};
/* End XCBuildConfiguration section */

/* Begin XCConfigurationList section */
		90E190E92C6F3328003B72F8 /* Build configuration list for PBXProject "FinHub" */ = {
			isa = XCConfigurationList;
			buildConfigurations = (
				90E190FA2C6F3329003B72F8 /* Debug */,
				90E190FB2C6F3329003B72F8 /* Release */,
			);
			defaultConfigurationIsVisible = 0;
			defaultConfigurationName = Release;
		};
		90E190FC2C6F3329003B72F8 /* Build configuration list for PBXNativeTarget "FinHub" */ = {
			isa = XCConfigurationList;
			buildConfigurations = (
				90E190FD2C6F3329003B72F8 /* Debug */,
				90E190FE2C6F3329003B72F8 /* Release */,
			);
			defaultConfigurationIsVisible = 0;
			defaultConfigurationName = Release;
		};
/* End XCConfigurationList section */
	};
	rootObject = 90E190E62C6F3328003B72F8 /* Project object */;
}
