// !$*UTF8*$!
{
	archiveVersion = 1;
	classes = {
	};
	objectVersion = 56;
	objects = {

/* Begin PBXBuildFile section */
		901D78B72C727F5700382225 /* StockQuoteTests.swift in Sources */ = {isa = PBXBuildFile; fileRef = 901D78B62C727F5700382225 /* StockQuoteTests.swift */; };
		903286662C70C2BC002D5799 /* CustomPicker.swift in Sources */ = {isa = PBXBuildFile; fileRef = 903286652C70C2BC002D5799 /* CustomPicker.swift */; };
		903286692C70D4AD002D5799 /* GraphFunction.swift in Sources */ = {isa = PBXBuildFile; fileRef = 903286682C70D4AD002D5799 /* GraphFunction.swift */; };
		9032866B2C70D4C5002D5799 /* GraphInterval.swift in Sources */ = {isa = PBXBuildFile; fileRef = 9032866A2C70D4C5002D5799 /* GraphInterval.swift */; };
		9032866D2C70D4E0002D5799 /* FinnhubEndpoint.swift in Sources */ = {isa = PBXBuildFile; fileRef = 9032866C2C70D4E0002D5799 /* FinnhubEndpoint.swift */; };
		9032866F2C70D4F4002D5799 /* AlphaVantageEndpoint.swift in Sources */ = {isa = PBXBuildFile; fileRef = 9032866E2C70D4F4002D5799 /* AlphaVantageEndpoint.swift */; };
		9046DA952C73139600F37446 /* KeyProvider.swift in Sources */ = {isa = PBXBuildFile; fileRef = 9046DA942C73139600F37446 /* KeyProvider.swift */; };
		9046DA972C7328C600F37446 /* URLSessionMock.swift in Sources */ = {isa = PBXBuildFile; fileRef = 9046DA962C7328C600F37446 /* URLSessionMock.swift */; };
		90674BDE2C7287DF007C3E3A /* StockQuote.swift in Sources */ = {isa = PBXBuildFile; fileRef = 90674BDD2C7287DF007C3E3A /* StockQuote.swift */; };
		908E25FD2C6F567A0010968C /* SearchBar.swift in Sources */ = {isa = PBXBuildFile; fileRef = 908E25FC2C6F567A0010968C /* SearchBar.swift */; };
		908E26032C6F614A0010968C /* HTTPClient.swift in Sources */ = {isa = PBXBuildFile; fileRef = 908E26022C6F614A0010968C /* HTTPClient.swift */; };
		908E26052C6F66A20010968C /* APIEndpoint.swift in Sources */ = {isa = PBXBuildFile; fileRef = 908E26042C6F66A20010968C /* APIEndpoint.swift */; };
		908E26072C6F6B460010968C /* StockRowView.swift in Sources */ = {isa = PBXBuildFile; fileRef = 908E26062C6F6B460010968C /* StockRowView.swift */; };
		908E26092C6F6D080010968C /* StockRowViewModel.swift in Sources */ = {isa = PBXBuildFile; fileRef = 908E26082C6F6D080010968C /* StockRowViewModel.swift */; };
		9094EF982C72422100FCC1EF /* FinHubTests.swift in Sources */ = {isa = PBXBuildFile; fileRef = 9094EF972C72422100FCC1EF /* FinHubTests.swift */; };
		9094EF9F2C72428F00FCC1EF /* GraphFunctionTests.swift in Sources */ = {isa = PBXBuildFile; fileRef = 9094EF9E2C72428F00FCC1EF /* GraphFunctionTests.swift */; };
		9094EFA32C72460100FCC1EF /* GraphIntervalTests.swift in Sources */ = {isa = PBXBuildFile; fileRef = 9094EFA22C72460100FCC1EF /* GraphIntervalTests.swift */; };
		9094EFA52C72467900FCC1EF /* FinnhubEndpointTests.swift in Sources */ = {isa = PBXBuildFile; fileRef = 9094EFA42C72467900FCC1EF /* FinnhubEndpointTests.swift */; };
		9094EFA72C7246A300FCC1EF /* AlphaVantageEndpointTests.swift in Sources */ = {isa = PBXBuildFile; fileRef = 9094EFA62C7246A300FCC1EF /* AlphaVantageEndpointTests.swift */; };
		9094EFAA2C72475F00FCC1EF /* HTTPClientTests.swift in Sources */ = {isa = PBXBuildFile; fileRef = 9094EFA92C72475F00FCC1EF /* HTTPClientTests.swift */; };
		9094EFAC2C72489600FCC1EF /* APIEndpointTests.swift in Sources */ = {isa = PBXBuildFile; fileRef = 9094EFAB2C72489600FCC1EF /* APIEndpointTests.swift */; };
		9094EFAF2C7249A900FCC1EF /* StockSearchResult.swift in Sources */ = {isa = PBXBuildFile; fileRef = 9094EFAE2C7249A900FCC1EF /* StockSearchResult.swift */; };
		9094EFB12C7249B800FCC1EF /* CompanyProfile.swift in Sources */ = {isa = PBXBuildFile; fileRef = 9094EFB02C7249B800FCC1EF /* CompanyProfile.swift */; };
		9094EFB52C7249F300FCC1EF /* StockData.swift in Sources */ = {isa = PBXBuildFile; fileRef = 9094EFB42C7249F300FCC1EF /* StockData.swift */; };
		9094EFB72C724A2300FCC1EF /* AlphaGraphDataTests.swift in Sources */ = {isa = PBXBuildFile; fileRef = 9094EFB62C724A2300FCC1EF /* AlphaGraphDataTests.swift */; };
		9094EFBA2C724C4100FCC1EF /* FinHubAPIProviderTests.swift in Sources */ = {isa = PBXBuildFile; fileRef = 9094EFB92C724C4100FCC1EF /* FinHubAPIProviderTests.swift */; };
		9094EFBC2C72549200FCC1EF /* AlphaVantageAPIProviderTests.swift in Sources */ = {isa = PBXBuildFile; fileRef = 9094EFBB2C72549200FCC1EF /* AlphaVantageAPIProviderTests.swift */; };
		9094EFBF2C725B5900FCC1EF /* StockChartViewModelTests.swift in Sources */ = {isa = PBXBuildFile; fileRef = 9094EFBE2C725B5900FCC1EF /* StockChartViewModelTests.swift */; };
		9094EFC12C72619700FCC1EF /* ContentViewModelTests.swift in Sources */ = {isa = PBXBuildFile; fileRef = 9094EFC02C72619700FCC1EF /* ContentViewModelTests.swift */; };
		9094EFC32C72646200FCC1EF /* MockFinhubAPIService.swift in Sources */ = {isa = PBXBuildFile; fileRef = 9094EFC22C72646200FCC1EF /* MockFinhubAPIService.swift */; };
		9094EFC52C72648200FCC1EF /* MockAlphaVantageHTTPClient.swift in Sources */ = {isa = PBXBuildFile; fileRef = 9094EFC42C72648200FCC1EF /* MockAlphaVantageHTTPClient.swift */; };
		9094EFC72C72649F00FCC1EF /* MockHTTPClient.swift in Sources */ = {isa = PBXBuildFile; fileRef = 9094EFC62C72649F00FCC1EF /* MockHTTPClient.swift */; };
		9094EFCA2C72653F00FCC1EF /* StockRowViewModelTests.swift in Sources */ = {isa = PBXBuildFile; fileRef = 9094EFC92C72653F00FCC1EF /* StockRowViewModelTests.swift */; };
		9094EFCC2C72655100FCC1EF /* MockAlphaVantageAPIService.swift in Sources */ = {isa = PBXBuildFile; fileRef = 9094EFCB2C72655100FCC1EF /* MockAlphaVantageAPIService.swift */; };
		9094EFED2C72783600FCC1EF /* ImageCacheTests.swift in Sources */ = {isa = PBXBuildFile; fileRef = 9094EFEB2C7276FA00FCC1EF /* ImageCacheTests.swift */; };
		90A0499B2C6FBC0B0015535B /* ImageCache.swift in Sources */ = {isa = PBXBuildFile; fileRef = 90A0499A2C6FBC0B0015535B /* ImageCache.swift */; };
		90A0499D2C6FBC4A0015535B /* AsyncImageLoader.swift in Sources */ = {isa = PBXBuildFile; fileRef = 90A0499C2C6FBC4A0015535B /* AsyncImageLoader.swift */; };
		90A0499F2C6FBC620015535B /* CachedAsyncImage.swift in Sources */ = {isa = PBXBuildFile; fileRef = 90A0499E2C6FBC620015535B /* CachedAsyncImage.swift */; };
		90A049A12C6FC2400015535B /* EndEditingModifier.swift in Sources */ = {isa = PBXBuildFile; fileRef = 90A049A02C6FC2400015535B /* EndEditingModifier.swift */; };
		90A049A32C708B600015535B /* AlphaGraphData.swift in Sources */ = {isa = PBXBuildFile; fileRef = 90A049A22C708B600015535B /* AlphaGraphData.swift */; };
		90A049A52C708C170015535B /* StockDataPoint.swift in Sources */ = {isa = PBXBuildFile; fileRef = 90A049A42C708C170015535B /* StockDataPoint.swift */; };
		90A049A72C708C430015535B /* StockChartView.swift in Sources */ = {isa = PBXBuildFile; fileRef = 90A049A62C708C430015535B /* StockChartView.swift */; };
		90A049A92C708C8A0015535B /* StockChartViewModel.swift in Sources */ = {isa = PBXBuildFile; fileRef = 90A049A82C708C8A0015535B /* StockChartViewModel.swift */; };
		90A049AD2C70A2700015535B /* AlphaVantageAPIProvider.swift in Sources */ = {isa = PBXBuildFile; fileRef = 90A049AC2C70A2700015535B /* AlphaVantageAPIProvider.swift */; };
		90A049AF2C70B5FA0015535B /* StockDetailsView.swift in Sources */ = {isa = PBXBuildFile; fileRef = 90A049AE2C70B5FA0015535B /* StockDetailsView.swift */; };
		90C0D1EF2C6F7E2A00645E8A /* CustomImageView.swift in Sources */ = {isa = PBXBuildFile; fileRef = 90C0D1EE2C6F7E2A00645E8A /* CustomImageView.swift */; };
		90C0D1F12C6F7F3300645E8A /* StockQuoteView.swift in Sources */ = {isa = PBXBuildFile; fileRef = 90C0D1F02C6F7F3300645E8A /* StockQuoteView.swift */; };
		90C0D1F32C6F7F8900645E8A /* CompanyDetailsView.swift in Sources */ = {isa = PBXBuildFile; fileRef = 90C0D1F22C6F7F8900645E8A /* CompanyDetailsView.swift */; };
		90D625FD2C739A6100FA4992 /* StockDataTests.swift in Sources */ = {isa = PBXBuildFile; fileRef = 90D625FC2C739A6100FA4992 /* StockDataTests.swift */; };
		90D625FF2C73A66A00FA4992 /* AsyncImageLoaderTests.swift in Sources */ = {isa = PBXBuildFile; fileRef = 90D625FE2C73A66A00FA4992 /* AsyncImageLoaderTests.swift */; };
		90D626012C73A79D00FA4992 /* MockImageCache.swift in Sources */ = {isa = PBXBuildFile; fileRef = 90D626002C73A79D00FA4992 /* MockImageCache.swift */; };
		90E190F22C6F3329003B72F8 /* FinHubApp.swift in Sources */ = {isa = PBXBuildFile; fileRef = 90E190F12C6F3329003B72F8 /* FinHubApp.swift */; };
		90E190F42C6F3329003B72F8 /* ContentView.swift in Sources */ = {isa = PBXBuildFile; fileRef = 90E190F32C6F3329003B72F8 /* ContentView.swift */; };
		90E190F62C6F3329003B72F8 /* Assets.xcassets in Resources */ = {isa = PBXBuildFile; fileRef = 90E190F52C6F3329003B72F8 /* Assets.xcassets */; };
		90E190F92C6F3329003B72F8 /* Preview Assets.xcassets in Resources */ = {isa = PBXBuildFile; fileRef = 90E190F82C6F3329003B72F8 /* Preview Assets.xcassets */; };
		90E1910B2C6F5311003B72F8 /* StockSymbol.swift in Sources */ = {isa = PBXBuildFile; fileRef = 90E1910A2C6F5311003B72F8 /* StockSymbol.swift */; };
		90E1910D2C6F5325003B72F8 /* FinHubAPIProvider.swift in Sources */ = {isa = PBXBuildFile; fileRef = 90E1910C2C6F5325003B72F8 /* FinHubAPIProvider.swift */; };
		90E191102C6F53CD003B72F8 /* ContentViewModel.swift in Sources */ = {isa = PBXBuildFile; fileRef = 90E1910F2C6F53CD003B72F8 /* ContentViewModel.swift */; };
/* End PBXBuildFile section */

/* Begin PBXContainerItemProxy section */
		9094EF992C72422100FCC1EF /* PBXContainerItemProxy */ = {
			isa = PBXContainerItemProxy;
			containerPortal = 90E190E62C6F3328003B72F8 /* Project object */;
			proxyType = 1;
			remoteGlobalIDString = 90E190ED2C6F3329003B72F8;
			remoteInfo = FinHub;
		};
/* End PBXContainerItemProxy section */

/* Begin PBXFileReference section */
		901D78B62C727F5700382225 /* StockQuoteTests.swift */ = {isa = PBXFileReference; lastKnownFileType = sourcecode.swift; path = StockQuoteTests.swift; sourceTree = "<group>"; };
		903286652C70C2BC002D5799 /* CustomPicker.swift */ = {isa = PBXFileReference; lastKnownFileType = sourcecode.swift; path = CustomPicker.swift; sourceTree = "<group>"; };
		903286682C70D4AD002D5799 /* GraphFunction.swift */ = {isa = PBXFileReference; lastKnownFileType = sourcecode.swift; path = GraphFunction.swift; sourceTree = "<group>"; };
		9032866A2C70D4C5002D5799 /* GraphInterval.swift */ = {isa = PBXFileReference; lastKnownFileType = sourcecode.swift; path = GraphInterval.swift; sourceTree = "<group>"; };
		9032866C2C70D4E0002D5799 /* FinnhubEndpoint.swift */ = {isa = PBXFileReference; lastKnownFileType = sourcecode.swift; path = FinnhubEndpoint.swift; sourceTree = "<group>"; };
		9032866E2C70D4F4002D5799 /* AlphaVantageEndpoint.swift */ = {isa = PBXFileReference; lastKnownFileType = sourcecode.swift; path = AlphaVantageEndpoint.swift; sourceTree = "<group>"; };
		9046DA942C73139600F37446 /* KeyProvider.swift */ = {isa = PBXFileReference; lastKnownFileType = sourcecode.swift; path = KeyProvider.swift; sourceTree = "<group>"; };
		9046DA962C7328C600F37446 /* URLSessionMock.swift */ = {isa = PBXFileReference; lastKnownFileType = sourcecode.swift; path = URLSessionMock.swift; sourceTree = "<group>"; };
		90674BDD2C7287DF007C3E3A /* StockQuote.swift */ = {isa = PBXFileReference; lastKnownFileType = sourcecode.swift; path = StockQuote.swift; sourceTree = "<group>"; };
		908E25FC2C6F567A0010968C /* SearchBar.swift */ = {isa = PBXFileReference; lastKnownFileType = sourcecode.swift; path = SearchBar.swift; sourceTree = "<group>"; };
		908E26022C6F614A0010968C /* HTTPClient.swift */ = {isa = PBXFileReference; lastKnownFileType = sourcecode.swift; path = HTTPClient.swift; sourceTree = "<group>"; };
		908E26042C6F66A20010968C /* APIEndpoint.swift */ = {isa = PBXFileReference; lastKnownFileType = sourcecode.swift; path = APIEndpoint.swift; sourceTree = "<group>"; };
		908E26062C6F6B460010968C /* StockRowView.swift */ = {isa = PBXFileReference; lastKnownFileType = sourcecode.swift; path = StockRowView.swift; sourceTree = "<group>"; };
		908E26082C6F6D080010968C /* StockRowViewModel.swift */ = {isa = PBXFileReference; lastKnownFileType = sourcecode.swift; path = StockRowViewModel.swift; sourceTree = "<group>"; };
		9094EF952C72422100FCC1EF /* FinHubTests.xctest */ = {isa = PBXFileReference; explicitFileType = wrapper.cfbundle; includeInIndex = 0; path = FinHubTests.xctest; sourceTree = BUILT_PRODUCTS_DIR; };
		9094EF972C72422100FCC1EF /* FinHubTests.swift */ = {isa = PBXFileReference; lastKnownFileType = sourcecode.swift; path = FinHubTests.swift; sourceTree = "<group>"; };
		9094EF9E2C72428F00FCC1EF /* GraphFunctionTests.swift */ = {isa = PBXFileReference; lastKnownFileType = sourcecode.swift; path = GraphFunctionTests.swift; sourceTree = "<group>"; };
		9094EFA22C72460100FCC1EF /* GraphIntervalTests.swift */ = {isa = PBXFileReference; lastKnownFileType = sourcecode.swift; path = GraphIntervalTests.swift; sourceTree = "<group>"; };
		9094EFA42C72467900FCC1EF /* FinnhubEndpointTests.swift */ = {isa = PBXFileReference; lastKnownFileType = sourcecode.swift; path = FinnhubEndpointTests.swift; sourceTree = "<group>"; };
		9094EFA62C7246A300FCC1EF /* AlphaVantageEndpointTests.swift */ = {isa = PBXFileReference; lastKnownFileType = sourcecode.swift; path = AlphaVantageEndpointTests.swift; sourceTree = "<group>"; };
		9094EFA92C72475F00FCC1EF /* HTTPClientTests.swift */ = {isa = PBXFileReference; lastKnownFileType = sourcecode.swift; path = HTTPClientTests.swift; sourceTree = "<group>"; };
		9094EFAB2C72489600FCC1EF /* APIEndpointTests.swift */ = {isa = PBXFileReference; lastKnownFileType = sourcecode.swift; path = APIEndpointTests.swift; sourceTree = "<group>"; };
		9094EFAE2C7249A900FCC1EF /* StockSearchResult.swift */ = {isa = PBXFileReference; lastKnownFileType = sourcecode.swift; path = StockSearchResult.swift; sourceTree = "<group>"; };
		9094EFB02C7249B800FCC1EF /* CompanyProfile.swift */ = {isa = PBXFileReference; lastKnownFileType = sourcecode.swift; path = CompanyProfile.swift; sourceTree = "<group>"; };
		9094EFB42C7249F300FCC1EF /* StockData.swift */ = {isa = PBXFileReference; lastKnownFileType = sourcecode.swift; path = StockData.swift; sourceTree = "<group>"; };
		9094EFB62C724A2300FCC1EF /* AlphaGraphDataTests.swift */ = {isa = PBXFileReference; lastKnownFileType = sourcecode.swift; path = AlphaGraphDataTests.swift; sourceTree = "<group>"; };
		9094EFB92C724C4100FCC1EF /* FinHubAPIProviderTests.swift */ = {isa = PBXFileReference; lastKnownFileType = sourcecode.swift; path = FinHubAPIProviderTests.swift; sourceTree = "<group>"; };
		9094EFBB2C72549200FCC1EF /* AlphaVantageAPIProviderTests.swift */ = {isa = PBXFileReference; lastKnownFileType = sourcecode.swift; path = AlphaVantageAPIProviderTests.swift; sourceTree = "<group>"; };
		9094EFBE2C725B5900FCC1EF /* StockChartViewModelTests.swift */ = {isa = PBXFileReference; lastKnownFileType = sourcecode.swift; path = StockChartViewModelTests.swift; sourceTree = "<group>"; };
		9094EFC02C72619700FCC1EF /* ContentViewModelTests.swift */ = {isa = PBXFileReference; lastKnownFileType = sourcecode.swift; path = ContentViewModelTests.swift; sourceTree = "<group>"; };
		9094EFC22C72646200FCC1EF /* MockFinhubAPIService.swift */ = {isa = PBXFileReference; lastKnownFileType = sourcecode.swift; path = MockFinhubAPIService.swift; sourceTree = "<group>"; };
		9094EFC42C72648200FCC1EF /* MockAlphaVantageHTTPClient.swift */ = {isa = PBXFileReference; lastKnownFileType = sourcecode.swift; path = MockAlphaVantageHTTPClient.swift; sourceTree = "<group>"; };
		9094EFC62C72649F00FCC1EF /* MockHTTPClient.swift */ = {isa = PBXFileReference; lastKnownFileType = sourcecode.swift; path = MockHTTPClient.swift; sourceTree = "<group>"; };
		9094EFC92C72653F00FCC1EF /* StockRowViewModelTests.swift */ = {isa = PBXFileReference; lastKnownFileType = sourcecode.swift; path = StockRowViewModelTests.swift; sourceTree = "<group>"; };
		9094EFCB2C72655100FCC1EF /* MockAlphaVantageAPIService.swift */ = {isa = PBXFileReference; lastKnownFileType = sourcecode.swift; path = MockAlphaVantageAPIService.swift; sourceTree = "<group>"; };
		9094EFEB2C7276FA00FCC1EF /* ImageCacheTests.swift */ = {isa = PBXFileReference; lastKnownFileType = sourcecode.swift; path = ImageCacheTests.swift; sourceTree = "<group>"; };
		9094EFEE2C72797B00FCC1EF /* FinHub.xctestplan */ = {isa = PBXFileReference; lastKnownFileType = text; path = FinHub.xctestplan; sourceTree = "<group>"; };
		90A0499A2C6FBC0B0015535B /* ImageCache.swift */ = {isa = PBXFileReference; lastKnownFileType = sourcecode.swift; path = ImageCache.swift; sourceTree = "<group>"; };
		90A0499C2C6FBC4A0015535B /* AsyncImageLoader.swift */ = {isa = PBXFileReference; lastKnownFileType = sourcecode.swift; path = AsyncImageLoader.swift; sourceTree = "<group>"; };
		90A0499E2C6FBC620015535B /* CachedAsyncImage.swift */ = {isa = PBXFileReference; lastKnownFileType = sourcecode.swift; path = CachedAsyncImage.swift; sourceTree = "<group>"; };
		90A049A02C6FC2400015535B /* EndEditingModifier.swift */ = {isa = PBXFileReference; lastKnownFileType = sourcecode.swift; path = EndEditingModifier.swift; sourceTree = "<group>"; };
		90A049A22C708B600015535B /* AlphaGraphData.swift */ = {isa = PBXFileReference; lastKnownFileType = sourcecode.swift; path = AlphaGraphData.swift; sourceTree = "<group>"; };
		90A049A42C708C170015535B /* StockDataPoint.swift */ = {isa = PBXFileReference; lastKnownFileType = sourcecode.swift; path = StockDataPoint.swift; sourceTree = "<group>"; };
		90A049A62C708C430015535B /* StockChartView.swift */ = {isa = PBXFileReference; lastKnownFileType = sourcecode.swift; path = StockChartView.swift; sourceTree = "<group>"; };
		90A049A82C708C8A0015535B /* StockChartViewModel.swift */ = {isa = PBXFileReference; lastKnownFileType = sourcecode.swift; path = StockChartViewModel.swift; sourceTree = "<group>"; };
		90A049AC2C70A2700015535B /* AlphaVantageAPIProvider.swift */ = {isa = PBXFileReference; lastKnownFileType = sourcecode.swift; path = AlphaVantageAPIProvider.swift; sourceTree = "<group>"; };
		90A049AE2C70B5FA0015535B /* StockDetailsView.swift */ = {isa = PBXFileReference; lastKnownFileType = sourcecode.swift; path = StockDetailsView.swift; sourceTree = "<group>"; };
		90C0D1EE2C6F7E2A00645E8A /* CustomImageView.swift */ = {isa = PBXFileReference; lastKnownFileType = sourcecode.swift; path = CustomImageView.swift; sourceTree = "<group>"; };
		90C0D1F02C6F7F3300645E8A /* StockQuoteView.swift */ = {isa = PBXFileReference; lastKnownFileType = sourcecode.swift; path = StockQuoteView.swift; sourceTree = "<group>"; };
		90C0D1F22C6F7F8900645E8A /* CompanyDetailsView.swift */ = {isa = PBXFileReference; lastKnownFileType = sourcecode.swift; path = CompanyDetailsView.swift; sourceTree = "<group>"; };
		90D625FC2C739A6100FA4992 /* StockDataTests.swift */ = {isa = PBXFileReference; lastKnownFileType = sourcecode.swift; path = StockDataTests.swift; sourceTree = "<group>"; };
		90D625FE2C73A66A00FA4992 /* AsyncImageLoaderTests.swift */ = {isa = PBXFileReference; lastKnownFileType = sourcecode.swift; path = AsyncImageLoaderTests.swift; sourceTree = "<group>"; };
		90D626002C73A79D00FA4992 /* MockImageCache.swift */ = {isa = PBXFileReference; lastKnownFileType = sourcecode.swift; path = MockImageCache.swift; sourceTree = "<group>"; };
		90E190EE2C6F3329003B72F8 /* FinHub.app */ = {isa = PBXFileReference; explicitFileType = wrapper.application; includeInIndex = 0; path = FinHub.app; sourceTree = BUILT_PRODUCTS_DIR; };
		90E190F12C6F3329003B72F8 /* FinHubApp.swift */ = {isa = PBXFileReference; lastKnownFileType = sourcecode.swift; path = FinHubApp.swift; sourceTree = "<group>"; };
		90E190F32C6F3329003B72F8 /* ContentView.swift */ = {isa = PBXFileReference; lastKnownFileType = sourcecode.swift; path = ContentView.swift; sourceTree = "<group>"; };
		90E190F52C6F3329003B72F8 /* Assets.xcassets */ = {isa = PBXFileReference; lastKnownFileType = folder.assetcatalog; path = Assets.xcassets; sourceTree = "<group>"; };
		90E190F82C6F3329003B72F8 /* Preview Assets.xcassets */ = {isa = PBXFileReference; lastKnownFileType = folder.assetcatalog; path = "Preview Assets.xcassets"; sourceTree = "<group>"; };
		90E1910A2C6F5311003B72F8 /* StockSymbol.swift */ = {isa = PBXFileReference; lastKnownFileType = sourcecode.swift; path = StockSymbol.swift; sourceTree = "<group>"; };
		90E1910C2C6F5325003B72F8 /* FinHubAPIProvider.swift */ = {isa = PBXFileReference; lastKnownFileType = sourcecode.swift; path = FinHubAPIProvider.swift; sourceTree = "<group>"; };
		90E1910F2C6F53CD003B72F8 /* ContentViewModel.swift */ = {isa = PBXFileReference; lastKnownFileType = sourcecode.swift; path = ContentViewModel.swift; sourceTree = "<group>"; };
/* End PBXFileReference section */

/* Begin PBXFrameworksBuildPhase section */
		9094EF922C72422100FCC1EF /* Frameworks */ = {
			isa = PBXFrameworksBuildPhase;
			buildActionMask = 2147483647;
			files = (
			);
			runOnlyForDeploymentPostprocessing = 0;
		};
		90E190EB2C6F3329003B72F8 /* Frameworks */ = {
			isa = PBXFrameworksBuildPhase;
			buildActionMask = 2147483647;
			files = (
			);
			runOnlyForDeploymentPostprocessing = 0;
		};
/* End PBXFrameworksBuildPhase section */

/* Begin PBXGroup section */
		903286642C70BF21002D5799 /* Components */ = {
			isa = PBXGroup;
			children = (
				908E25FC2C6F567A0010968C /* SearchBar.swift */,
				90A0499E2C6FBC620015535B /* CachedAsyncImage.swift */,
				90A049A02C6FC2400015535B /* EndEditingModifier.swift */,
				903286652C70C2BC002D5799 /* CustomPicker.swift */,
			);
			path = Components;
			sourceTree = "<group>";
		};
		903286672C70D4A4002D5799 /* Helpers */ = {
			isa = PBXGroup;
			children = (
				903286682C70D4AD002D5799 /* GraphFunction.swift */,
				9032866A2C70D4C5002D5799 /* GraphInterval.swift */,
				9032866C2C70D4E0002D5799 /* FinnhubEndpoint.swift */,
				9032866E2C70D4F4002D5799 /* AlphaVantageEndpoint.swift */,
			);
			path = Helpers;
			sourceTree = "<group>";
		};
		908E25FE2C6F57D00010968C /* Utils */ = {
			isa = PBXGroup;
			children = (
				9046DA942C73139600F37446 /* KeyProvider.swift */,
				90A0499A2C6FBC0B0015535B /* ImageCache.swift */,
				90A0499C2C6FBC4A0015535B /* AsyncImageLoader.swift */,
			);
			path = Utils;
			sourceTree = "<group>";
		};
		908E26012C6F613E0010968C /* HTTPClient */ = {
			isa = PBXGroup;
			children = (
				908E26022C6F614A0010968C /* HTTPClient.swift */,
				908E26042C6F66A20010968C /* APIEndpoint.swift */,
			);
			path = HTTPClient;
			sourceTree = "<group>";
		};
		9094EF962C72422100FCC1EF /* FinHubTests */ = {
			isa = PBXGroup;
			children = (
				9094EFA02C72457500FCC1EF /* DataSource */,
				9094EFAD2C72499600FCC1EF /* Models */,
				9094EFB82C724C3400FCC1EF /* Services */,
				9094EFBD2C725B5000FCC1EF /* ViewModels */,
				9094EF972C72422100FCC1EF /* FinHubTests.swift */,
				9094EFC82C7264FD00FCC1EF /* Mocks */,
			);
			path = FinHubTests;
			sourceTree = "<group>";
		};
		9094EFA02C72457500FCC1EF /* DataSource */ = {
			isa = PBXGroup;
			children = (
				9094EFA82C72470700FCC1EF /* HTTPClient */,
				9094EFA12C72457D00FCC1EF /* Helpers */,
			);
			path = DataSource;
			sourceTree = "<group>";
		};
		9094EFA12C72457D00FCC1EF /* Helpers */ = {
			isa = PBXGroup;
			children = (
				9094EF9E2C72428F00FCC1EF /* GraphFunctionTests.swift */,
				9094EFA22C72460100FCC1EF /* GraphIntervalTests.swift */,
				9094EFA42C72467900FCC1EF /* FinnhubEndpointTests.swift */,
				9094EFA62C7246A300FCC1EF /* AlphaVantageEndpointTests.swift */,
				90D625FE2C73A66A00FA4992 /* AsyncImageLoaderTests.swift */,
			);
			path = Helpers;
			sourceTree = "<group>";
		};
		9094EFA82C72470700FCC1EF /* HTTPClient */ = {
			isa = PBXGroup;
			children = (
				9094EFA92C72475F00FCC1EF /* HTTPClientTests.swift */,
				9094EFAB2C72489600FCC1EF /* APIEndpointTests.swift */,
			);
			path = HTTPClient;
			sourceTree = "<group>";
		};
		9094EFAD2C72499600FCC1EF /* Models */ = {
			isa = PBXGroup;
			children = (
				9094EFB62C724A2300FCC1EF /* AlphaGraphDataTests.swift */,
				901D78B62C727F5700382225 /* StockQuoteTests.swift */,
				90D625FC2C739A6100FA4992 /* StockDataTests.swift */,
			);
			path = Models;
			sourceTree = "<group>";
		};
		9094EFB82C724C3400FCC1EF /* Services */ = {
			isa = PBXGroup;
			children = (
				9094EFB92C724C4100FCC1EF /* FinHubAPIProviderTests.swift */,
				9094EFBB2C72549200FCC1EF /* AlphaVantageAPIProviderTests.swift */,
			);
			path = Services;
			sourceTree = "<group>";
		};
		9094EFBD2C725B5000FCC1EF /* ViewModels */ = {
			isa = PBXGroup;
			children = (
				9094EFBE2C725B5900FCC1EF /* StockChartViewModelTests.swift */,
				9094EFC02C72619700FCC1EF /* ContentViewModelTests.swift */,
				9094EFC92C72653F00FCC1EF /* StockRowViewModelTests.swift */,
			);
			path = ViewModels;
			sourceTree = "<group>";
		};
		9094EFC82C7264FD00FCC1EF /* Mocks */ = {
			isa = PBXGroup;
			children = (
				9094EFC22C72646200FCC1EF /* MockFinhubAPIService.swift */,
				9094EFC42C72648200FCC1EF /* MockAlphaVantageHTTPClient.swift */,
				9094EFC62C72649F00FCC1EF /* MockHTTPClient.swift */,
				9094EFCB2C72655100FCC1EF /* MockAlphaVantageAPIService.swift */,
				9094EFEB2C7276FA00FCC1EF /* ImageCacheTests.swift */,
				9046DA962C7328C600F37446 /* URLSessionMock.swift */,
				90D626002C73A79D00FA4992 /* MockImageCache.swift */,
			);
			path = Mocks;
			sourceTree = "<group>";
		};
		90A049AA2C709EFF0015535B /* Services */ = {
			isa = PBXGroup;
			children = (
				90E1910C2C6F5325003B72F8 /* FinHubAPIProvider.swift */,
				90A049AC2C70A2700015535B /* AlphaVantageAPIProvider.swift */,
			);
			path = Services;
			sourceTree = "<group>";
		};
		90E190E52C6F3328003B72F8 = {
			isa = PBXGroup;
			children = (
				9094EFEE2C72797B00FCC1EF /* FinHub.xctestplan */,
				90E190F02C6F3329003B72F8 /* FinHub */,
				9094EF962C72422100FCC1EF /* FinHubTests */,
				90E190EF2C6F3329003B72F8 /* Products */,
			);
			sourceTree = "<group>";
		};
		90E190EF2C6F3329003B72F8 /* Products */ = {
			isa = PBXGroup;
			children = (
				90E190EE2C6F3329003B72F8 /* FinHub.app */,
				9094EF952C72422100FCC1EF /* FinHubTests.xctest */,
			);
			name = Products;
			sourceTree = "<group>";
		};
		90E190F02C6F3329003B72F8 /* FinHub */ = {
			isa = PBXGroup;
			children = (
				90E191052C6F50C5003B72F8 /* DataSource */,
				90E191092C6F52E6003B72F8 /* Models */,
				90A049AA2C709EFF0015535B /* Services */,
				90E1910E2C6F53C5003B72F8 /* ViewModels */,
				90E191032C6F50AC003B72F8 /* app */,
				908E25FE2C6F57D00010968C /* Utils */,
				903286642C70BF21002D5799 /* Components */,
				90E191042C6F50AF003B72F8 /* views */,
				90E190F52C6F3329003B72F8 /* Assets.xcassets */,
				90E190F72C6F3329003B72F8 /* Preview Content */,
			);
			path = FinHub;
			sourceTree = "<group>";
		};
		90E190F72C6F3329003B72F8 /* Preview Content */ = {
			isa = PBXGroup;
			children = (
				90E190F82C6F3329003B72F8 /* Preview Assets.xcassets */,
			);
			path = "Preview Content";
			sourceTree = "<group>";
		};
		90E191032C6F50AC003B72F8 /* app */ = {
			isa = PBXGroup;
			children = (
				90E190F12C6F3329003B72F8 /* FinHubApp.swift */,
			);
			path = app;
			sourceTree = "<group>";
		};
		90E191042C6F50AF003B72F8 /* views */ = {
			isa = PBXGroup;
			children = (
				90E190F32C6F3329003B72F8 /* ContentView.swift */,
				908E26062C6F6B460010968C /* StockRowView.swift */,
				90C0D1EE2C6F7E2A00645E8A /* CustomImageView.swift */,
				90C0D1F02C6F7F3300645E8A /* StockQuoteView.swift */,
				90C0D1F22C6F7F8900645E8A /* CompanyDetailsView.swift */,
				90A049A62C708C430015535B /* StockChartView.swift */,
				90A049AE2C70B5FA0015535B /* StockDetailsView.swift */,
			);
			path = views;
			sourceTree = "<group>";
		};
		90E191052C6F50C5003B72F8 /* DataSource */ = {
			isa = PBXGroup;
			children = (
				903286672C70D4A4002D5799 /* Helpers */,
				908E26012C6F613E0010968C /* HTTPClient */,
			);
			path = DataSource;
			sourceTree = "<group>";
		};
		90E191092C6F52E6003B72F8 /* Models */ = {
			isa = PBXGroup;
			children = (
				90E1910A2C6F5311003B72F8 /* StockSymbol.swift */,
				9094EFB02C7249B800FCC1EF /* CompanyProfile.swift */,
				9094EFAE2C7249A900FCC1EF /* StockSearchResult.swift */,
				90A049A22C708B600015535B /* AlphaGraphData.swift */,
				90A049A42C708C170015535B /* StockDataPoint.swift */,
				9094EFB42C7249F300FCC1EF /* StockData.swift */,
				90674BDD2C7287DF007C3E3A /* StockQuote.swift */,
			);
			path = Models;
			sourceTree = "<group>";
		};
		90E1910E2C6F53C5003B72F8 /* ViewModels */ = {
			isa = PBXGroup;
			children = (
				90A049A82C708C8A0015535B /* StockChartViewModel.swift */,
				90E1910F2C6F53CD003B72F8 /* ContentViewModel.swift */,
				908E26082C6F6D080010968C /* StockRowViewModel.swift */,
			);
			path = ViewModels;
			sourceTree = "<group>";
		};
/* End PBXGroup section */

/* Begin PBXNativeTarget section */
		9094EF942C72422100FCC1EF /* FinHubTests */ = {
			isa = PBXNativeTarget;
			buildConfigurationList = 9094EF9D2C72422100FCC1EF /* Build configuration list for PBXNativeTarget "FinHubTests" */;
			buildPhases = (
				9094EF912C72422100FCC1EF /* Sources */,
				9094EF922C72422100FCC1EF /* Frameworks */,
				9094EF932C72422100FCC1EF /* Resources */,
			);
			buildRules = (
			);
			dependencies = (
				9094EF9A2C72422100FCC1EF /* PBXTargetDependency */,
			);
			name = FinHubTests;
			packageProductDependencies = (
			);
			productName = FinHubTests;
			productReference = 9094EF952C72422100FCC1EF /* FinHubTests.xctest */;
			productType = "com.apple.product-type.bundle.unit-test";
		};
		90E190ED2C6F3329003B72F8 /* FinHub */ = {
			isa = PBXNativeTarget;
			buildConfigurationList = 90E190FC2C6F3329003B72F8 /* Build configuration list for PBXNativeTarget "FinHub" */;
			buildPhases = (
				90E190EA2C6F3329003B72F8 /* Sources */,
				90E190EB2C6F3329003B72F8 /* Frameworks */,
				90E190EC2C6F3329003B72F8 /* Resources */,
			);
			buildRules = (
			);
			dependencies = (
			);
			name = FinHub;
			productName = FinHub;
			productReference = 90E190EE2C6F3329003B72F8 /* FinHub.app */;
			productType = "com.apple.product-type.application";
		};
/* End PBXNativeTarget section */

/* Begin PBXProject section */
		90E190E62C6F3328003B72F8 /* Project object */ = {
			isa = PBXProject;
			attributes = {
				BuildIndependentTargetsInParallel = 1;
				LastSwiftUpdateCheck = 1540;
				LastUpgradeCheck = 1540;
				TargetAttributes = {
					9094EF942C72422100FCC1EF = {
						CreatedOnToolsVersion = 15.4;
						TestTargetID = 90E190ED2C6F3329003B72F8;
					};
					90E190ED2C6F3329003B72F8 = {
						CreatedOnToolsVersion = 15.4;
					};
				};
			};
			buildConfigurationList = 90E190E92C6F3328003B72F8 /* Build configuration list for PBXProject "FinHub" */;
			compatibilityVersion = "Xcode 14.0";
			developmentRegion = en;
			hasScannedForEncodings = 0;
			knownRegions = (
				en,
				Base,
			);
			mainGroup = 90E190E52C6F3328003B72F8;
			packageReferences = (
			);
			productRefGroup = 90E190EF2C6F3329003B72F8 /* Products */;
			projectDirPath = "";
			projectRoot = "";
			targets = (
				90E190ED2C6F3329003B72F8 /* FinHub */,
				9094EF942C72422100FCC1EF /* FinHubTests */,
			);
		};
/* End PBXProject section */

/* Begin PBXResourcesBuildPhase section */
		9094EF932C72422100FCC1EF /* Resources */ = {
			isa = PBXResourcesBuildPhase;
			buildActionMask = 2147483647;
			files = (
			);
			runOnlyForDeploymentPostprocessing = 0;
		};
		90E190EC2C6F3329003B72F8 /* Resources */ = {
			isa = PBXResourcesBuildPhase;
			buildActionMask = 2147483647;
			files = (
				90E190F92C6F3329003B72F8 /* Preview Assets.xcassets in Resources */,
				90E190F62C6F3329003B72F8 /* Assets.xcassets in Resources */,
			);
			runOnlyForDeploymentPostprocessing = 0;
		};
/* End PBXResourcesBuildPhase section */

/* Begin PBXSourcesBuildPhase section */
		9094EF912C72422100FCC1EF /* Sources */ = {
			isa = PBXSourcesBuildPhase;
			buildActionMask = 2147483647;
			files = (
				9046DA972C7328C600F37446 /* URLSessionMock.swift in Sources */,
				9094EFBF2C725B5900FCC1EF /* StockChartViewModelTests.swift in Sources */,
				9094EF9F2C72428F00FCC1EF /* GraphFunctionTests.swift in Sources */,
				90D626012C73A79D00FA4992 /* MockImageCache.swift in Sources */,
				9094EFCA2C72653F00FCC1EF /* StockRowViewModelTests.swift in Sources */,
				901D78B72C727F5700382225 /* StockQuoteTests.swift in Sources */,
				90D625FF2C73A66A00FA4992 /* AsyncImageLoaderTests.swift in Sources */,
				9094EFB72C724A2300FCC1EF /* AlphaGraphDataTests.swift in Sources */,
				9094EFAC2C72489600FCC1EF /* APIEndpointTests.swift in Sources */,
				9094EFC52C72648200FCC1EF /* MockAlphaVantageHTTPClient.swift in Sources */,
				9094EFBC2C72549200FCC1EF /* AlphaVantageAPIProviderTests.swift in Sources */,
				9094EFA32C72460100FCC1EF /* GraphIntervalTests.swift in Sources */,
				9094EFAA2C72475F00FCC1EF /* HTTPClientTests.swift in Sources */,
				9094EFC72C72649F00FCC1EF /* MockHTTPClient.swift in Sources */,
				9094EFBA2C724C4100FCC1EF /* FinHubAPIProviderTests.swift in Sources */,
				9094EFC12C72619700FCC1EF /* ContentViewModelTests.swift in Sources */,
				9094EF982C72422100FCC1EF /* FinHubTests.swift in Sources */,
				9094EFC32C72646200FCC1EF /* MockFinhubAPIService.swift in Sources */,
				9094EFCC2C72655100FCC1EF /* MockAlphaVantageAPIService.swift in Sources */,
				9094EFA72C7246A300FCC1EF /* AlphaVantageEndpointTests.swift in Sources */,
				90D625FD2C739A6100FA4992 /* StockDataTests.swift in Sources */,
				9094EFED2C72783600FCC1EF /* ImageCacheTests.swift in Sources */,
				9094EFA52C72467900FCC1EF /* FinnhubEndpointTests.swift in Sources */,
			);
			runOnlyForDeploymentPostprocessing = 0;
		};
		90E190EA2C6F3329003B72F8 /* Sources */ = {
			isa = PBXSourcesBuildPhase;
			buildActionMask = 2147483647;
			files = (
				90E191102C6F53CD003B72F8 /* ContentViewModel.swift in Sources */,
				9032866D2C70D4E0002D5799 /* FinnhubEndpoint.swift in Sources */,
				90A049A32C708B600015535B /* AlphaGraphData.swift in Sources */,
				90E190F42C6F3329003B72F8 /* ContentView.swift in Sources */,
				90E1910B2C6F5311003B72F8 /* StockSymbol.swift in Sources */,
				90E190F22C6F3329003B72F8 /* FinHubApp.swift in Sources */,
				90C0D1F32C6F7F8900645E8A /* CompanyDetailsView.swift in Sources */,
				908E26092C6F6D080010968C /* StockRowViewModel.swift in Sources */,
				9094EFB52C7249F300FCC1EF /* StockData.swift in Sources */,
				908E26032C6F614A0010968C /* HTTPClient.swift in Sources */,
				9032866F2C70D4F4002D5799 /* AlphaVantageEndpoint.swift in Sources */,
				90C0D1EF2C6F7E2A00645E8A /* CustomImageView.swift in Sources */,
				90A049A12C6FC2400015535B /* EndEditingModifier.swift in Sources */,
				908E26052C6F66A20010968C /* APIEndpoint.swift in Sources */,
				908E25FD2C6F567A0010968C /* SearchBar.swift in Sources */,
				90A0499B2C6FBC0B0015535B /* ImageCache.swift in Sources */,
				90A0499D2C6FBC4A0015535B /* AsyncImageLoader.swift in Sources */,
				90A049AF2C70B5FA0015535B /* StockDetailsView.swift in Sources */,
				90A049A72C708C430015535B /* StockChartView.swift in Sources */,
				90C0D1F12C6F7F3300645E8A /* StockQuoteView.swift in Sources */,
				903286662C70C2BC002D5799 /* CustomPicker.swift in Sources */,
				90A049AD2C70A2700015535B /* AlphaVantageAPIProvider.swift in Sources */,
				9094EFB12C7249B800FCC1EF /* CompanyProfile.swift in Sources */,
				9046DA952C73139600F37446 /* KeyProvider.swift in Sources */,
				9094EFAF2C7249A900FCC1EF /* StockSearchResult.swift in Sources */,
				90A049A92C708C8A0015535B /* StockChartViewModel.swift in Sources */,
				90E1910D2C6F5325003B72F8 /* FinHubAPIProvider.swift in Sources */,
				903286692C70D4AD002D5799 /* GraphFunction.swift in Sources */,
				90A049A52C708C170015535B /* StockDataPoint.swift in Sources */,
				9032866B2C70D4C5002D5799 /* GraphInterval.swift in Sources */,
				90A0499F2C6FBC620015535B /* CachedAsyncImage.swift in Sources */,
				90674BDE2C7287DF007C3E3A /* StockQuote.swift in Sources */,
				908E26072C6F6B460010968C /* StockRowView.swift in Sources */,
			);
			runOnlyForDeploymentPostprocessing = 0;
		};
/* End PBXSourcesBuildPhase section */

/* Begin PBXTargetDependency section */
		9094EF9A2C72422100FCC1EF /* PBXTargetDependency */ = {
			isa = PBXTargetDependency;
			target = 90E190ED2C6F3329003B72F8 /* FinHub */;
			targetProxy = 9094EF992C72422100FCC1EF /* PBXContainerItemProxy */;
		};
/* End PBXTargetDependency section */

/* Begin XCBuildConfiguration section */
		9094EF9B2C72422100FCC1EF /* Debug */ = {
			isa = XCBuildConfiguration;
			buildSettings = {
				BUNDLE_LOADER = "$(TEST_HOST)";
				CODE_SIGN_STYLE = Automatic;
				CURRENT_PROJECT_VERSION = 1;
				DEVELOPMENT_TEAM = 6LNKX6QY2U;
				GENERATE_INFOPLIST_FILE = YES;
				MARKETING_VERSION = 1.0;
				PRODUCT_BUNDLE_IDENTIFIER = com.pr.FinHubTests;
				PRODUCT_NAME = "$(TARGET_NAME)";
				SWIFT_EMIT_LOC_STRINGS = NO;
				SWIFT_VERSION = 5.0;
				TARGETED_DEVICE_FAMILY = "1,2";
				TEST_HOST = "$(BUILT_PRODUCTS_DIR)/FinHub.app/$(BUNDLE_EXECUTABLE_FOLDER_PATH)/FinHub";
			};
			name = Debug;
		};
		9094EF9C2C72422100FCC1EF /* Release */ = {
			isa = XCBuildConfiguration;
			buildSettings = {
				BUNDLE_LOADER = "$(TEST_HOST)";
				CODE_SIGN_STYLE = Automatic;
				CURRENT_PROJECT_VERSION = 1;
				DEVELOPMENT_TEAM = 6LNKX6QY2U;
				GENERATE_INFOPLIST_FILE = YES;
				MARKETING_VERSION = 1.0;
				PRODUCT_BUNDLE_IDENTIFIER = com.pr.FinHubTests;
				PRODUCT_NAME = "$(TARGET_NAME)";
				SWIFT_EMIT_LOC_STRINGS = NO;
				SWIFT_VERSION = 5.0;
				TARGETED_DEVICE_FAMILY = "1,2";
				TEST_HOST = "$(BUILT_PRODUCTS_DIR)/FinHub.app/$(BUNDLE_EXECUTABLE_FOLDER_PATH)/FinHub";
			};
			name = Release;
		};
		90E190FA2C6F3329003B72F8 /* Debug */ = {
			isa = XCBuildConfiguration;
			buildSettings = {
				ALWAYS_SEARCH_USER_PATHS = NO;
				ASSETCATALOG_COMPILER_GENERATE_SWIFT_ASSET_SYMBOL_EXTENSIONS = YES;
				CLANG_ANALYZER_NONNULL = YES;
				CLANG_ANALYZER_NUMBER_OBJECT_CONVERSION = YES_AGGRESSIVE;
				CLANG_CXX_LANGUAGE_STANDARD = "gnu++20";
				CLANG_ENABLE_MODULES = YES;
				CLANG_ENABLE_OBJC_ARC = YES;
				CLANG_ENABLE_OBJC_WEAK = YES;
				CLANG_WARN_BLOCK_CAPTURE_AUTORELEASING = YES;
				CLANG_WARN_BOOL_CONVERSION = YES;
				CLANG_WARN_COMMA = YES;
				CLANG_WARN_CONSTANT_CONVERSION = YES;
				CLANG_WARN_DEPRECATED_OBJC_IMPLEMENTATIONS = YES;
				CLANG_WARN_DIRECT_OBJC_ISA_USAGE = YES_ERROR;
				CLANG_WARN_DOCUMENTATION_COMMENTS = YES;
				CLANG_WARN_EMPTY_BODY = YES;
				CLANG_WARN_ENUM_CONVERSION = YES;
				CLANG_WARN_INFINITE_RECURSION = YES;
				CLANG_WARN_INT_CONVERSION = YES;
				CLANG_WARN_NON_LITERAL_NULL_CONVERSION = YES;
				CLANG_WARN_OBJC_IMPLICIT_RETAIN_SELF = YES;
				CLANG_WARN_OBJC_LITERAL_CONVERSION = YES;
				CLANG_WARN_OBJC_ROOT_CLASS = YES_ERROR;
				CLANG_WARN_QUOTED_INCLUDE_IN_FRAMEWORK_HEADER = YES;
				CLANG_WARN_RANGE_LOOP_ANALYSIS = YES;
				CLANG_WARN_STRICT_PROTOTYPES = YES;
				CLANG_WARN_SUSPICIOUS_MOVE = YES;
				CLANG_WARN_UNGUARDED_AVAILABILITY = YES_AGGRESSIVE;
				CLANG_WARN_UNREACHABLE_CODE = YES;
				CLANG_WARN__DUPLICATE_METHOD_MATCH = YES;
				COPY_PHASE_STRIP = NO;
				DEBUG_INFORMATION_FORMAT = dwarf;
				ENABLE_STRICT_OBJC_MSGSEND = YES;
				ENABLE_TESTABILITY = YES;
				ENABLE_USER_SCRIPT_SANDBOXING = YES;
				GCC_C_LANGUAGE_STANDARD = gnu17;
				GCC_DYNAMIC_NO_PIC = NO;
				GCC_NO_COMMON_BLOCKS = YES;
				GCC_OPTIMIZATION_LEVEL = 0;
				GCC_PREPROCESSOR_DEFINITIONS = (
					"DEBUG=1",
					"$(inherited)",
				);
				GCC_WARN_64_TO_32_BIT_CONVERSION = YES;
				GCC_WARN_ABOUT_RETURN_TYPE = YES_ERROR;
				GCC_WARN_UNDECLARED_SELECTOR = YES;
				GCC_WARN_UNINITIALIZED_AUTOS = YES_AGGRESSIVE;
				GCC_WARN_UNUSED_FUNCTION = YES;
				GCC_WARN_UNUSED_VARIABLE = YES;
				IPHONEOS_DEPLOYMENT_TARGET = 17.5;
				LOCALIZATION_PREFERS_STRING_CATALOGS = YES;
				MTL_ENABLE_DEBUG_INFO = INCLUDE_SOURCE;
				MTL_FAST_MATH = YES;
				ONLY_ACTIVE_ARCH = YES;
				SDKROOT = iphoneos;
				SWIFT_ACTIVE_COMPILATION_CONDITIONS = "DEBUG $(inherited)";
				SWIFT_OPTIMIZATION_LEVEL = "-Onone";
			};
			name = Debug;
		};
		90E190FB2C6F3329003B72F8 /* Release */ = {
			isa = XCBuildConfiguration;
			buildSettings = {
				ALWAYS_SEARCH_USER_PATHS = NO;
				ASSETCATALOG_COMPILER_GENERATE_SWIFT_ASSET_SYMBOL_EXTENSIONS = YES;
				CLANG_ANALYZER_NONNULL = YES;
				CLANG_ANALYZER_NUMBER_OBJECT_CONVERSION = YES_AGGRESSIVE;
				CLANG_CXX_LANGUAGE_STANDARD = "gnu++20";
				CLANG_ENABLE_MODULES = YES;
				CLANG_ENABLE_OBJC_ARC = YES;
				CLANG_ENABLE_OBJC_WEAK = YES;
				CLANG_WARN_BLOCK_CAPTURE_AUTORELEASING = YES;
				CLANG_WARN_BOOL_CONVERSION = YES;
				CLANG_WARN_COMMA = YES;
				CLANG_WARN_CONSTANT_CONVERSION = YES;
				CLANG_WARN_DEPRECATED_OBJC_IMPLEMENTATIONS = YES;
				CLANG_WARN_DIRECT_OBJC_ISA_USAGE = YES_ERROR;
				CLANG_WARN_DOCUMENTATION_COMMENTS = YES;
				CLANG_WARN_EMPTY_BODY = YES;
				CLANG_WARN_ENUM_CONVERSION = YES;
				CLANG_WARN_INFINITE_RECURSION = YES;
				CLANG_WARN_INT_CONVERSION = YES;
				CLANG_WARN_NON_LITERAL_NULL_CONVERSION = YES;
				CLANG_WARN_OBJC_IMPLICIT_RETAIN_SELF = YES;
				CLANG_WARN_OBJC_LITERAL_CONVERSION = YES;
				CLANG_WARN_OBJC_ROOT_CLASS = YES_ERROR;
				CLANG_WARN_QUOTED_INCLUDE_IN_FRAMEWORK_HEADER = YES;
				CLANG_WARN_RANGE_LOOP_ANALYSIS = YES;
				CLANG_WARN_STRICT_PROTOTYPES = YES;
				CLANG_WARN_SUSPICIOUS_MOVE = YES;
				CLANG_WARN_UNGUARDED_AVAILABILITY = YES_AGGRESSIVE;
				CLANG_WARN_UNREACHABLE_CODE = YES;
				CLANG_WARN__DUPLICATE_METHOD_MATCH = YES;
				COPY_PHASE_STRIP = NO;
				DEBUG_INFORMATION_FORMAT = "dwarf-with-dsym";
				ENABLE_NS_ASSERTIONS = NO;
				ENABLE_STRICT_OBJC_MSGSEND = YES;
				ENABLE_USER_SCRIPT_SANDBOXING = YES;
				GCC_C_LANGUAGE_STANDARD = gnu17;
				GCC_NO_COMMON_BLOCKS = YES;
				GCC_WARN_64_TO_32_BIT_CONVERSION = YES;
				GCC_WARN_ABOUT_RETURN_TYPE = YES_ERROR;
				GCC_WARN_UNDECLARED_SELECTOR = YES;
				GCC_WARN_UNINITIALIZED_AUTOS = YES_AGGRESSIVE;
				GCC_WARN_UNUSED_FUNCTION = YES;
				GCC_WARN_UNUSED_VARIABLE = YES;
				IPHONEOS_DEPLOYMENT_TARGET = 17.5;
				LOCALIZATION_PREFERS_STRING_CATALOGS = YES;
				MTL_ENABLE_DEBUG_INFO = NO;
				MTL_FAST_MATH = YES;
				SDKROOT = iphoneos;
				SWIFT_COMPILATION_MODE = wholemodule;
				VALIDATE_PRODUCT = YES;
			};
			name = Release;
		};
		90E190FD2C6F3329003B72F8 /* Debug */ = {
			isa = XCBuildConfiguration;
			buildSettings = {
				ASSETCATALOG_COMPILER_APPICON_NAME = AppIcon;
				ASSETCATALOG_COMPILER_GLOBAL_ACCENT_COLOR_NAME = AccentColor;
				CODE_SIGN_STYLE = Automatic;
				CURRENT_PROJECT_VERSION = 1;
				DEVELOPMENT_ASSET_PATHS = "\"FinHub/Preview Content\"";
				DEVELOPMENT_TEAM = 6LNKX6QY2U;
				ENABLE_PREVIEWS = YES;
				GENERATE_INFOPLIST_FILE = YES;
				INFOPLIST_KEY_UIApplicationSceneManifest_Generation = YES;
				INFOPLIST_KEY_UIApplicationSupportsIndirectInputEvents = YES;
				INFOPLIST_KEY_UILaunchScreen_Generation = YES;
				INFOPLIST_KEY_UISupportedInterfaceOrientations_iPad = "UIInterfaceOrientationPortrait UIInterfaceOrientationPortraitUpsideDown UIInterfaceOrientationLandscapeLeft UIInterfaceOrientationLandscapeRight";
				INFOPLIST_KEY_UISupportedInterfaceOrientations_iPhone = "UIInterfaceOrientationPortrait UIInterfaceOrientationLandscapeLeft UIInterfaceOrientationLandscapeRight";
				LD_RUNPATH_SEARCH_PATHS = (
					"$(inherited)",
					"@executable_path/Frameworks",
				);
				MARKETING_VERSION = 1.0;
				PRODUCT_BUNDLE_IDENTIFIER = com.pr.FinHub;
				PRODUCT_NAME = "$(TARGET_NAME)";
				SWIFT_EMIT_LOC_STRINGS = YES;
				SWIFT_VERSION = 5.0;
				TARGETED_DEVICE_FAMILY = "1,2";
			};
			name = Debug;
		};
		90E190FE2C6F3329003B72F8 /* Release */ = {
			isa = XCBuildConfiguration;
			buildSettings = {
				ASSETCATALOG_COMPILER_APPICON_NAME = AppIcon;
				ASSETCATALOG_COMPILER_GLOBAL_ACCENT_COLOR_NAME = AccentColor;
				CODE_SIGN_STYLE = Automatic;
				CURRENT_PROJECT_VERSION = 1;
				DEVELOPMENT_ASSET_PATHS = "\"FinHub/Preview Content\"";
				DEVELOPMENT_TEAM = 6LNKX6QY2U;
				ENABLE_PREVIEWS = YES;
				GENERATE_INFOPLIST_FILE = YES;
				INFOPLIST_KEY_UIApplicationSceneManifest_Generation = YES;
				INFOPLIST_KEY_UIApplicationSupportsIndirectInputEvents = YES;
				INFOPLIST_KEY_UILaunchScreen_Generation = YES;
				INFOPLIST_KEY_UISupportedInterfaceOrientations_iPad = "UIInterfaceOrientationPortrait UIInterfaceOrientationPortraitUpsideDown UIInterfaceOrientationLandscapeLeft UIInterfaceOrientationLandscapeRight";
				INFOPLIST_KEY_UISupportedInterfaceOrientations_iPhone = "UIInterfaceOrientationPortrait UIInterfaceOrientationLandscapeLeft UIInterfaceOrientationLandscapeRight";
				LD_RUNPATH_SEARCH_PATHS = (
					"$(inherited)",
					"@executable_path/Frameworks",
				);
				MARKETING_VERSION = 1.0;
				PRODUCT_BUNDLE_IDENTIFIER = com.pr.FinHub;
				PRODUCT_NAME = "$(TARGET_NAME)";
				SWIFT_EMIT_LOC_STRINGS = YES;
				SWIFT_VERSION = 5.0;
				TARGETED_DEVICE_FAMILY = "1,2";
			};
			name = Release;
		};
/* End XCBuildConfiguration section */

/* Begin XCConfigurationList section */
		9094EF9D2C72422100FCC1EF /* Build configuration list for PBXNativeTarget "FinHubTests" */ = {
			isa = XCConfigurationList;
			buildConfigurations = (
				9094EF9B2C72422100FCC1EF /* Debug */,
				9094EF9C2C72422100FCC1EF /* Release */,
			);
			defaultConfigurationIsVisible = 0;
			defaultConfigurationName = Release;
		};
		90E190E92C6F3328003B72F8 /* Build configuration list for PBXProject "FinHub" */ = {
			isa = XCConfigurationList;
			buildConfigurations = (
				90E190FA2C6F3329003B72F8 /* Debug */,
				90E190FB2C6F3329003B72F8 /* Release */,
			);
			defaultConfigurationIsVisible = 0;
			defaultConfigurationName = Release;
		};
		90E190FC2C6F3329003B72F8 /* Build configuration list for PBXNativeTarget "FinHub" */ = {
			isa = XCConfigurationList;
			buildConfigurations = (
				90E190FD2C6F3329003B72F8 /* Debug */,
				90E190FE2C6F3329003B72F8 /* Release */,
			);
			defaultConfigurationIsVisible = 0;
			defaultConfigurationName = Release;
		};
/* End XCConfigurationList section */
	};
	rootObject = 90E190E62C6F3328003B72F8 /* Project object */;
}
